
Microsoft Visual Studio Solution File, Format Version 12.00
# Visual Studio Version 17
VisualStudioVersion = 17.7.34202.233
MinimumVisualStudioVersion = 10.0.40219.1
Project("{9A19103F-16F7-4668-BE54-9A1E7A4F7556}") = "CarRentalManagement.Server", "CarRentalManagement\Server\CarRentalManagement.Server.csproj", "{9F2B75AE-C9D8-438F-A141-65CAE22F35EA}"
EndProject
Project("{9A19103F-16F7-4668-BE54-9A1E7A4F7556}") = "CarRentalManagement.Client", "CarRentalManagement\Client\CarRentalManagement.Client.csproj", "{7B694D77-BAD0-4F1B-860D-742A72932DC1}"
EndProject
Project("{9A19103F-16F7-4668-BE54-9A1E7A4F7556}") = "CarRentalManagement.Shared", "CarRentalManagement\Shared\CarRentalManagement.Shared.csproj", "{633A6BE7-1A82-4F4C-B0BA-19F134524437}"
EndProject
Global
	GlobalSection(SolutionConfigurationPlatforms) = preSolution
		Debug|Any CPU = Debug|Any CPU
		Release|Any CPU = Release|Any CPU
	EndGlobalSection
	GlobalSection(ProjectConfigurationPlatforms) = postSolution
		{9F2B75AE-C9D8-438F-A141-65CAE22F35EA}.Debug|Any CPU.ActiveCfg = Debug|Any CPU
		{9F2B75AE-C9D8-438F-A141-65CAE22F35EA}.Debug|Any CPU.Build.0 = Debug|Any CPU
		{9F2B75AE-C9D8-438F-A141-65CAE22F35EA}.Release|Any CPU.ActiveCfg = Release|Any CPU
		{9F2B75AE-C9D8-438F-A141-65CAE22F35EA}.Release|Any CPU.Build.0 = Release|Any CPU
		{7B694D77-BAD0-4F1B-860D-742A72932DC1}.Debug|Any CPU.ActiveCfg = Debug|Any CPU
		{7B694D77-BAD0-4F1B-860D-742A72932DC1}.Debug|Any CPU.Build.0 = Debug|Any CPU
		{7B694D77-BAD0-4F1B-860D-742A72932DC1}.Release|Any CPU.ActiveCfg = Release|Any CPU
		{7B694D77-BAD0-4F1B-860D-742A72932DC1}.Release|Any CPU.Build.0 = Release|Any CPU
		{633A6BE7-1A82-4F4C-B0BA-19F134524437}.Debug|Any CPU.ActiveCfg = Debug|Any CPU
		{633A6BE7-1A82-4F4C-B0BA-19F134524437}.Debug|Any CPU.Build.0 = Debug|Any CPU
		{633A6BE7-1A82-4F4C-B0BA-19F134524437}.Release|Any CPU.ActiveCfg = Release|Any CPU
		{633A6BE7-1A82-4F4C-B0BA-19F134524437}.Release|Any CPU.Build.0 = Release|Any CPU
	EndGlobalSection
	GlobalSection(SolutionProperties) = preSolution
		HideSolutionNode = FALSE
	EndGlobalSection
	GlobalSection(ExtensibilityGlobals) = postSolution
		SolutionGuid = {E86FA321-B889-40B8-94DD-8EBE785AB6CC}
	EndGlobalSection
EndGlobal
